
Microsoft Visual Studio Solution File, Format Version 12.00
# Visual Studio Version 17
VisualStudioVersion = 17.7.34031.279
MinimumVisualStudioVersion = 10.0.40219.1
Project("{FAE04EC0-301F-11D3-BF4B-00C04F79EFBC}") = "Bible.API", "Bible.API.csproj", "{45C71ED8-5917-4A04-B00F-BBCE7F6AB096}"
EndProject
Global
	GlobalSection(SolutionConfigurationPlatforms) = preSolution
		Debug|Any CPU = Debug|Any CPU
		Release|Any CPU = Release|Any CPU
	EndGlobalSection
	GlobalSection(ProjectConfigurationPlatforms) = postSolution
		{45C71ED8-5917-4A04-B00F-BBCE7F6AB096}.Debug|Any CPU.ActiveCfg = Debug|Any CPU
		{45C71ED8-5917-4A04-B00F-BBCE7F6AB096}.Debug|Any CPU.Build.0 = Debug|Any CPU
		{45C71ED8-5917-4A04-B00F-BBCE7F6AB096}.Release|Any CPU.ActiveCfg = Release|Any CPU
		{45C71ED8-5917-4A04-B00F-BBCE7F6AB096}.Release|Any CPU.Build.0 = Release|Any CPU
	EndGlobalSection
	GlobalSection(SolutionProperties) = preSolution
		HideSolutionNode = FALSE
	EndGlobalSection
	GlobalSection(ExtensibilityGlobals) = postSolution
		SolutionGuid = {2CC9F312-6922-4EAE-A571-DEF5F53A13DD}
	EndGlobalSection
EndGlobal
